
Microsoft Visual Studio Solution File, Format Version 12.00
# Visual Studio Version 17
VisualStudioVersion = 17.14.36301.6 d17.14
MinimumVisualStudioVersion = 10.0.40219.1
Project("{FAE04EC0-301F-11D3-BF4B-00C04F79EFBC}") = "TaskManager.API", "TaskManager.API\TaskManager.API.csproj", "{D9C8C22A-26C0-48EF-8C85-FB741AF9E352}"
EndProject
Global
	GlobalSection(SolutionConfigurationPlatforms) = preSolution
		Debug|Any CPU = Debug|Any CPU
		Release|Any CPU = Release|Any CPU
	EndGlobalSection
	GlobalSection(ProjectConfigurationPlatforms) = postSolution
		{D9C8C22A-26C0-48EF-8C85-FB741AF9E352}.Debug|Any CPU.ActiveCfg = Debug|Any CPU
		{D9C8C22A-26C0-48EF-8C85-FB741AF9E352}.Debug|Any CPU.Build.0 = Debug|Any CPU
		{D9C8C22A-26C0-48EF-8C85-FB741AF9E352}.Release|Any CPU.ActiveCfg = Release|Any CPU
		{D9C8C22A-26C0-48EF-8C85-FB741AF9E352}.Release|Any CPU.Build.0 = Release|Any CPU
	EndGlobalSection
	GlobalSection(SolutionProperties) = preSolution
		HideSolutionNode = FALSE
	EndGlobalSection
	GlobalSection(ExtensibilityGlobals) = postSolution
		SolutionGuid = {47D0C61D-3946-4646-B29B-665A1DC187F4}
	EndGlobalSection
EndGlobal
